# auto-generated by grc.converter

id: sdlp_create_frame
label: create_frame
category: '[sdlp]'

parameters:
-   id: scid
    label: SCID
    dtype: int
-   id: vcid
    label: VCID
    dtype: int
-   id: TF_version
    label: TF_version(0:TM 1:TC)
    dtype: int
-   id: bypass_flag
    label: Bypass Flag
    dtype: int
-   id: control_command_flag
    label: Control Command Flag
    dtype: int
-   id: ocf
    label: OCF
    dtype: int
-   id: fecf
    label: FECF
    dtype: int

inputs:
-   domain: message
    id: in

outputs:
-   domain: message
    id: out

templates:
    imports: exec(open("/home/spacecraft/cygnus/gnuradio/gr-sdlp/python/create_frame.py").read())
    make: create_frame(${scid}, ${vcid}, ${TF_version}, ${ocf}, ${fecf}, ${bypass_flag},
        ${control_command_flag})

documentation: "This Block is designed to create a frame according to the Space Data\
    \ Link Protocol (SDLP). \n        Input: This should be of message format and\
    \ contain the data that will become the payload of the packet.\n        Output:\
    \ This is of byte format which will contain a single constructed SDLP frame."

file_format: 1
